
Microsoft Visual Studio Solution File, Format Version 12.00
# Visual Studio Version 17
VisualStudioVersion = 17.0.31912.275
MinimumVisualStudioVersion = 10.0.40219.1
Project("{9A19103F-16F7-4668-BE54-9A1E7A4F7556}") = "TallerMelchor.Api", "TallerMelchor.Api\TallerMelchor.Api.csproj", "{5D03A61F-DCCA-401E-8CD6-8B673B017406}"
EndProject
Project("{FAE04EC0-301F-11D3-BF4B-00C04F79EFBC}") = "TallerMelchor.Web", "TallerMelchor.Web\TallerMelchor.Web.csproj", "{A9AD37EA-F237-408C-8A1B-86EF1F5487C9}"
EndProject
Global
	GlobalSection(SolutionConfigurationPlatforms) = preSolution
		Debug|Any CPU = Debug|Any CPU
		Release|Any CPU = Release|Any CPU
	EndGlobalSection
	GlobalSection(ProjectConfigurationPlatforms) = postSolution
		{5D03A61F-DCCA-401E-8CD6-8B673B017406}.Debug|Any CPU.ActiveCfg = Debug|Any CPU
		{5D03A61F-DCCA-401E-8CD6-8B673B017406}.Debug|Any CPU.Build.0 = Debug|Any CPU
		{5D03A61F-DCCA-401E-8CD6-8B673B017406}.Release|Any CPU.ActiveCfg = Release|Any CPU
		{5D03A61F-DCCA-401E-8CD6-8B673B017406}.Release|Any CPU.Build.0 = Release|Any CPU
		{A9AD37EA-F237-408C-8A1B-86EF1F5487C9}.Debug|Any CPU.ActiveCfg = Debug|Any CPU
		{A9AD37EA-F237-408C-8A1B-86EF1F5487C9}.Debug|Any CPU.Build.0 = Debug|Any CPU
		{A9AD37EA-F237-408C-8A1B-86EF1F5487C9}.Release|Any CPU.ActiveCfg = Release|Any CPU
		{A9AD37EA-F237-408C-8A1B-86EF1F5487C9}.Release|Any CPU.Build.0 = Release|Any CPU
	EndGlobalSection
	GlobalSection(SolutionProperties) = preSolution
		HideSolutionNode = FALSE
	EndGlobalSection
	GlobalSection(ExtensibilityGlobals) = postSolution
		SolutionGuid = {67C94686-E40D-4202-9287-D301B0FCC167}
	EndGlobalSection
EndGlobal
